
Microsoft Visual Studio Solution File, Format Version 12.00
# Visual Studio Version 17
VisualStudioVersion = 17.10.34928.147
MinimumVisualStudioVersion = 10.0.40219.1
Project("{F184B08F-C81C-45F6-A57F-5ABD9991F28F}") = "Tha Ta Ftiaxei 2.0", "Tha Ta Ftiaxei 2.0\Tha Ta Ftiaxei 2.0.vbproj", "{250BF18B-6767-46EA-8FED-4619FA06D83F}"
EndProject
Global
	GlobalSection(SolutionConfigurationPlatforms) = preSolution
		Debug|Any CPU = Debug|Any CPU
		Release|Any CPU = Release|Any CPU
	EndGlobalSection
	GlobalSection(ProjectConfigurationPlatforms) = postSolution
		{250BF18B-6767-46EA-8FED-4619FA06D83F}.Debug|Any CPU.ActiveCfg = Debug|Any CPU
		{250BF18B-6767-46EA-8FED-4619FA06D83F}.Debug|Any CPU.Build.0 = Debug|Any CPU
		{250BF18B-6767-46EA-8FED-4619FA06D83F}.Release|Any CPU.ActiveCfg = Release|Any CPU
		{250BF18B-6767-46EA-8FED-4619FA06D83F}.Release|Any CPU.Build.0 = Release|Any CPU
	EndGlobalSection
	GlobalSection(SolutionProperties) = preSolution
		HideSolutionNode = FALSE
	EndGlobalSection
	GlobalSection(ExtensibilityGlobals) = postSolution
		SolutionGuid = {08E59A88-28B8-47CC-BE5C-5922AFB2AB87}
	EndGlobalSection
EndGlobal
